
Microsoft Visual Studio Solution File, Format Version 12.00
# Visual Studio Version 16
VisualStudioVersion = 16.0.31105.61
MinimumVisualStudioVersion = 10.0.40219.1
Project("{FAE04EC0-301F-11D3-BF4B-00C04F79EFBC}") = "Flags", "Flags\Flags.csproj", "{F02C63B4-60A7-4EC1-A6CB-AC15EDA67A3F}"
EndProject
Global
	GlobalSection(SolutionConfigurationPlatforms) = preSolution
		Debug|Any CPU = Debug|Any CPU
		Release|Any CPU = Release|Any CPU
	EndGlobalSection
	GlobalSection(ProjectConfigurationPlatforms) = postSolution
		{F02C63B4-60A7-4EC1-A6CB-AC15EDA67A3F}.Debug|Any CPU.ActiveCfg = Debug|Any CPU
		{F02C63B4-60A7-4EC1-A6CB-AC15EDA67A3F}.Debug|Any CPU.Build.0 = Debug|Any CPU
		{F02C63B4-60A7-4EC1-A6CB-AC15EDA67A3F}.Release|Any CPU.ActiveCfg = Release|Any CPU
		{F02C63B4-60A7-4EC1-A6CB-AC15EDA67A3F}.Release|Any CPU.Build.0 = Release|Any CPU
	EndGlobalSection
	GlobalSection(SolutionProperties) = preSolution
		HideSolutionNode = FALSE
	EndGlobalSection
	GlobalSection(ExtensibilityGlobals) = postSolution
		SolutionGuid = {8A1EB5D8-37E2-4EFD-958C-91BB05BE286A}
	EndGlobalSection
EndGlobal
